
Microsoft Visual Studio Solution File, Format Version 12.00
# Visual Studio Version 16
VisualStudioVersion = 16.0.29709.97
MinimumVisualStudioVersion = 10.0.40219.1
Project("{FAE04EC0-301F-11D3-BF4B-00C04F79EFBC}") = "PremiumCalculator", "PremiumCalculator\PremiumCalculator.csproj", "{34F0D2DC-5199-4BFD-A3A0-BDFC9AFF92B8}"
EndProject
Project("{FAE04EC0-301F-11D3-BF4B-00C04F79EFBC}") = "PremiumCalculator.Test", "PremiumCalculator.Test\PremiumCalculator.Test.csproj", "{447F1815-EFD1-481B-BB63-C5BB609E858C}"
EndProject
Global
	GlobalSection(SolutionConfigurationPlatforms) = preSolution
		Debug|Any CPU = Debug|Any CPU
		Release|Any CPU = Release|Any CPU
	EndGlobalSection
	GlobalSection(ProjectConfigurationPlatforms) = postSolution
		{34F0D2DC-5199-4BFD-A3A0-BDFC9AFF92B8}.Debug|Any CPU.ActiveCfg = Debug|Any CPU
		{34F0D2DC-5199-4BFD-A3A0-BDFC9AFF92B8}.Debug|Any CPU.Build.0 = Debug|Any CPU
		{34F0D2DC-5199-4BFD-A3A0-BDFC9AFF92B8}.Release|Any CPU.ActiveCfg = Release|Any CPU
		{34F0D2DC-5199-4BFD-A3A0-BDFC9AFF92B8}.Release|Any CPU.Build.0 = Release|Any CPU
		{447F1815-EFD1-481B-BB63-C5BB609E858C}.Debug|Any CPU.ActiveCfg = Debug|Any CPU
		{447F1815-EFD1-481B-BB63-C5BB609E858C}.Debug|Any CPU.Build.0 = Debug|Any CPU
		{447F1815-EFD1-481B-BB63-C5BB609E858C}.Release|Any CPU.ActiveCfg = Release|Any CPU
		{447F1815-EFD1-481B-BB63-C5BB609E858C}.Release|Any CPU.Build.0 = Release|Any CPU
	EndGlobalSection
	GlobalSection(SolutionProperties) = preSolution
		HideSolutionNode = FALSE
	EndGlobalSection
	GlobalSection(ExtensibilityGlobals) = postSolution
		SolutionGuid = {C3BFF86D-FF7E-4645-BEBE-C14D624FB6E3}
	EndGlobalSection
EndGlobal
